PATH
  remote: ../resource-struct
  specs:
    resource-struct (0.4.0)

GEM
  remote: https://rubygems.org/
  specs:
    benchmark (0.5.0)
    benchmark-memory (0.2.0)
      memory_profiler (~> 1)
    hashery (2.1.2)
    hashie (5.1.0)
      logger
    logger (1.7.0)
    memory_profiler (1.1.0)
    ostruct (0.6.3)
    recursive-open-struct (2.1.1)
      ostruct

PLATFORMS
  arm64-darwin-25
  ruby

DEPENDENCIES
  benchmark
  benchmark-memory
  hashery
  hashie
  recursive-open-struct
  resource-struct!

CHECKSUMS
  benchmark (0.5.0) sha256=465df122341aedcb81a2a24b4d3bd19b6c67c1530713fd533f3ff034e419236c
  benchmark-memory (0.2.0) sha256=ca1e436433b09535ee8f64f80600a5edb407cff1f6ac70e089ca238118e6ab5c
  bundler (4.0.15) sha256=a4ceb882fe94a0e0ac63cd0813932bbfd631a14e5ac0b7975189b19a4d28d9e7
  hashery (2.1.2) sha256=d239cc2310401903f6b79d458c2bbef5bf74c46f3f974ae9c1061fb74a404862
  hashie (5.1.0) sha256=c266471896f323c446ea8207f8ffac985d2718df0a0ba98651a3057096ca3870
  logger (1.7.0) sha256=196edec7cc44b66cfb40f9755ce11b392f21f7967696af15d274dde7edff0203
  memory_profiler (1.1.0) sha256=79a17df7980a140c83c469785905409d3027ca614c42c086089d128b805aa8f8
  ostruct (0.6.3) sha256=95a2ed4a4bd1d190784e666b47b2d3f078e4a9efda2fccf18f84ddc6538ed912
  recursive-open-struct (2.1.1) sha256=27da6192b803b618bd866eb6d7bb92b18f608ab6a71796522d9d890906a25392
  resource-struct (0.4.0)

BUNDLED WITH
  4.0.15
